// !$*UTF8*$!
{
	archiveVersion = 1;
	classes = {
	};
	objectVersion = 46;
	objects = {

/* Begin PBXBuildFile section */
		1E94AB9B1A6DF37A00898055 /* main.m in Sources */ = {isa = PBXBuildFile; fileRef = 1E94AB9A1A6DF37A00898055 /* main.m */; };
		1E94AB9E1A6DF37A00898055 /* AppDelegate.m in Sources */ = {isa = PBXBuildFile; fileRef = 1E94AB9D1A6DF37A00898055 /* AppDelegate.m */; };
		1E94ABA71A6DF37A00898055 /* Main.storyboard in Resources */ = {isa = PBXBuildFile; fileRef = 1E94ABA51A6DF37A00898055 /* Main.storyboard */; };
		1E94ABA91A6DF37A00898055 /* Images.xcassets in Resources */ = {isa = PBXBuildFile; fileRef = 1E94ABA81A6DF37A00898055 /* Images.xcassets */; };
		1E94ABAC1A6DF37A00898055 /* LaunchScreen.xib in Resources */ = {isa = PBXBuildFile; fileRef = 1E94ABAA1A6DF37A00898055 /* LaunchScreen.xib */; };
		1E94ABB81A6DF37A00898055 /* SharePicTests.m in Sources */ = {isa = PBXBuildFile; fileRef = 1E94ABB71A6DF37A00898055 /* SharePicTests.m */; };
		1E94ABC21A6DF59900898055 /* AudioToolbox.framework in Frameworks */ = {isa = PBXBuildFile; fileRef = 1E94ABC11A6DF59900898055 /* AudioToolbox.framework */; };
		1E94ABC41A6DF59F00898055 /* CFNetwork.framework in Frameworks */ = {isa = PBXBuildFile; fileRef = 1E94ABC31A6DF59F00898055 /* CFNetwork.framework */; };
		1E94ABC61A6DF5AD00898055 /* CoreGraphics.framework in Frameworks */ = {isa = PBXBuildFile; fileRef = 1E94ABC51A6DF5AD00898055 /* CoreGraphics.framework */; };
		1E94ABC81A6DF5B300898055 /* CoreLocation.framework in Frameworks */ = {isa = PBXBuildFile; fileRef = 1E94ABC71A6DF5B300898055 /* CoreLocation.framework */; };
		1E94ABCA1A6DF5C600898055 /* MobileCoreServices.framework in Frameworks */ = {isa = PBXBuildFile; fileRef = 1E94ABC91A6DF5C600898055 /* MobileCoreServices.framework */; };
		1E94ABCC1A6DF5CE00898055 /* QuartzCore.framework in Frameworks */ = {isa = PBXBuildFile; fileRef = 1E94ABCB1A6DF5CE00898055 /* QuartzCore.framework */; };
		1E94ABCE1A6DF5D300898055 /* Security.framework in Frameworks */ = {isa = PBXBuildFile; fileRef = 1E94ABCD1A6DF5D300898055 /* Security.framework */; };
		1E94ABD01A6DF5DC00898055 /* StoreKit.framework in Frameworks */ = {isa = PBXBuildFile; fileRef = 1E94ABCF1A6DF5DC00898055 /* StoreKit.framework */; };
		1E94ABD21A6DF5E600898055 /* SystemConfiguration.framework in Frameworks */ = {isa = PBXBuildFile; fileRef = 1E94ABD11A6DF5E600898055 /* SystemConfiguration.framework */; };
		1E94ABD41A6DF5F000898055 /* libz.dylib in Frameworks */ = {isa = PBXBuildFile; fileRef = 1E94ABD31A6DF5F000898055 /* libz.dylib */; };
		1E94ABD61A6DF5FA00898055 /* libsqlite3.dylib in Frameworks */ = {isa = PBXBuildFile; fileRef = 1E94ABD51A6DF5FA00898055 /* libsqlite3.dylib */; };
		1E94ABE21A6DF83900898055 /* LoginViewController.m in Sources */ = {isa = PBXBuildFile; fileRef = 1E94ABE11A6DF83900898055 /* LoginViewController.m */; };
		1E94ABE51A6DFB9900898055 /* SignUpViewController.m in Sources */ = {isa = PBXBuildFile; fileRef = 1E94ABE41A6DFB9900898055 /* SignUpViewController.m */; };
		1EC10C751A701B11008051FA /* Bolts.framework in Frameworks */ = {isa = PBXBuildFile; fileRef = 1EC10C711A701B11008051FA /* Bolts.framework */; };
		1EC10C761A701B11008051FA /* Parse.framework in Frameworks */ = {isa = PBXBuildFile; fileRef = 1EC10C721A701B11008051FA /* Parse.framework */; };
		1EC10C771A701B11008051FA /* ParseFacebookUtils.framework in Frameworks */ = {isa = PBXBuildFile; fileRef = 1EC10C731A701B11008051FA /* ParseFacebookUtils.framework */; };
		1EC10C781A701B11008051FA /* ParseUI.framework in Frameworks */ = {isa = PBXBuildFile; fileRef = 1EC10C741A701B11008051FA /* ParseUI.framework */; };
		1EEE884F1A6ECC14008B84FC /* HomeTableViewController.m in Sources */ = {isa = PBXBuildFile; fileRef = 1EEE884E1A6ECC14008B84FC /* HomeTableViewController.m */; };
		1EEE88521A6ED56E008B84FC /* EditEventosTableViewController.m in Sources */ = {isa = PBXBuildFile; fileRef = 1EEE88511A6ED56E008B84FC /* EditEventosTableViewController.m */; };
		1EEE88551A6F18A9008B84FC /* EventoCollectionViewController.m in Sources */ = {isa = PBXBuildFile; fileRef = 1EEE88541A6F18A9008B84FC /* EventoCollectionViewController.m */; };
		1EFD08A71A6F69CA002E8574 /* CameraViewController.m in Sources */ = {isa = PBXBuildFile; fileRef = 1EFD08A61A6F69CA002E8574 /* CameraViewController.m */; };
/* End PBXBuildFile section */

/* Begin PBXContainerItemProxy section */
		1E94ABB21A6DF37A00898055 /* PBXContainerItemProxy */ = {
			isa = PBXContainerItemProxy;
			containerPortal = 1E94AB8D1A6DF37A00898055 /* Project object */;
			proxyType = 1;
			remoteGlobalIDString = 1E94AB941A6DF37A00898055;
			remoteInfo = SharePic;
		};
/* End PBXContainerItemProxy section */

/* Begin PBXFileReference section */
		1E94AB951A6DF37A00898055 /* SharePic.app */ = {isa = PBXFileReference; explicitFileType = wrapper.application; includeInIndex = 0; path = SharePic.app; sourceTree = BUILT_PRODUCTS_DIR; };
		1E94AB991A6DF37A00898055 /* Info.plist */ = {isa = PBXFileReference; lastKnownFileType = text.plist.xml; path = Info.plist; sourceTree = "<group>"; };
		1E94AB9A1A6DF37A00898055 /* main.m */ = {isa = PBXFileReference; lastKnownFileType = sourcecode.c.objc; path = main.m; sourceTree = "<group>"; };
		1E94AB9C1A6DF37A00898055 /* AppDelegate.h */ = {isa = PBXFileReference; lastKnownFileType = sourcecode.c.h; path = AppDelegate.h; sourceTree = "<group>"; };
		1E94AB9D1A6DF37A00898055 /* AppDelegate.m */ = {isa = PBXFileReference; lastKnownFileType = sourcecode.c.objc; path = AppDelegate.m; sourceTree = "<group>"; };
		1E94ABA61A6DF37A00898055 /* Base */ = {isa = PBXFileReference; lastKnownFileType = file.storyboard; name = Base; path = Base.lproj/Main.storyboard; sourceTree = "<group>"; };
		1E94ABA81A6DF37A00898055 /* Images.xcassets */ = {isa = PBXFileReference; lastKnownFileType = folder.assetcatalog; path = Images.xcassets; sourceTree = "<group>"; };
		1E94ABAB1A6DF37A00898055 /* Base */ = {isa = PBXFileReference; lastKnownFileType = file.xib; name = Base; path = Base.lproj/LaunchScreen.xib; sourceTree = "<group>"; };
		1E94ABB11A6DF37A00898055 /* SharePicTests.xctest */ = {isa = PBXFileReference; explicitFileType = wrapper.cfbundle; includeInIndex = 0; path = SharePicTests.xctest; sourceTree = BUILT_PRODUCTS_DIR; };
		1E94ABB61A6DF37A00898055 /* Info.plist */ = {isa = PBXFileReference; lastKnownFileType = text.plist.xml; path = Info.plist; sourceTree = "<group>"; };
		1E94ABB71A6DF37A00898055 /* SharePicTests.m */ = {isa = PBXFileReference; lastKnownFileType = sourcecode.c.objc; path = SharePicTests.m; sourceTree = "<group>"; };
		1E94ABC11A6DF59900898055 /* AudioToolbox.framework */ = {isa = PBXFileReference; lastKnownFileType = wrapper.framework; name = AudioToolbox.framework; path = System/Library/Frameworks/AudioToolbox.framework; sourceTree = SDKROOT; };
		1E94ABC31A6DF59F00898055 /* CFNetwork.framework */ = {isa = PBXFileReference; lastKnownFileType = wrapper.framework; name = CFNetwork.framework; path = System/Library/Frameworks/CFNetwork.framework; sourceTree = SDKROOT; };
		1E94ABC51A6DF5AD00898055 /* CoreGraphics.framework */ = {isa = PBXFileReference; lastKnownFileType = wrapper.framework; name = CoreGraphics.framework; path = System/Library/Frameworks/CoreGraphics.framework; sourceTree = SDKROOT; };
		1E94ABC71A6DF5B300898055 /* CoreLocation.framework */ = {isa = PBXFileReference; lastKnownFileType = wrapper.framework; name = CoreLocation.framework; path = System/Library/Frameworks/CoreLocation.framework; sourceTree = SDKROOT; };
		1E94ABC91A6DF5C600898055 /* MobileCoreServices.framework */ = {isa = PBXFileReference; lastKnownFileType = wrapper.framework; name = MobileCoreServices.framework; path = System/Library/Frameworks/MobileCoreServices.framework; sourceTree = SDKROOT; };
		1E94ABCB1A6DF5CE00898055 /* QuartzCore.framework */ = {isa = PBXFileReference; lastKnownFileType = wrapper.framework; name = QuartzCore.framework; path = System/Library/Frameworks/QuartzCore.framework; sourceTree = SDKROOT; };
		1E94ABCD1A6DF5D300898055 /* Security.framework */ = {isa = PBXFileReference; lastKnownFileType = wrapper.framework; name = Security.framework; path = System/Library/Frameworks/Security.framework; sourceTree = SDKROOT; };
		1E94ABCF1A6DF5DC00898055 /* StoreKit.framework */ = {isa = PBXFileReference; lastKnownFileType = wrapper.framework; name = StoreKit.framework; path = System/Library/Frameworks/StoreKit.framework; sourceTree = SDKROOT; };
		1E94ABD11A6DF5E600898055 /* SystemConfiguration.framework */ = {isa = PBXFileReference; lastKnownFileType = wrapper.framework; name = SystemConfiguration.framework; path = System/Library/Frameworks/SystemConfiguration.framework; sourceTree = SDKROOT; };
		1E94ABD31A6DF5F000898055 /* libz.dylib */ = {isa = PBXFileReference; lastKnownFileType = "compiled.mach-o.dylib"; name = libz.dylib; path = usr/lib/libz.dylib; sourceTree = SDKROOT; };
		1E94ABD51A6DF5FA00898055 /* libsqlite3.dylib */ = {isa = PBXFileReference; lastKnownFileType = "compiled.mach-o.dylib"; name = libsqlite3.dylib; path = usr/lib/libsqlite3.dylib; sourceTree = SDKROOT; };
		1E94ABE01A6DF83900898055 /* LoginViewController.h */ = {isa = PBXFileReference; fileEncoding = 4; lastKnownFileType = sourcecode.c.h; path = LoginViewController.h; sourceTree = "<group>"; };
		1E94ABE11A6DF83900898055 /* LoginViewController.m */ = {isa = PBXFileReference; fileEncoding = 4; lastKnownFileType = sourcecode.c.objc; path = LoginViewController.m; sourceTree = "<group>"; };
		1E94ABE31A6DFB9900898055 /* SignUpViewController.h */ = {isa = PBXFileReference; fileEncoding = 4; lastKnownFileType = sourcecode.c.h; path = SignUpViewController.h; sourceTree = "<group>"; };
		1E94ABE41A6DFB9900898055 /* SignUpViewController.m */ = {isa = PBXFileReference; fileEncoding = 4; lastKnownFileType = sourcecode.c.objc; path = SignUpViewController.m; sourceTree = "<group>"; };
		1EC10C711A701B11008051FA /* Bolts.framework */ = {isa = PBXFileReference; lastKnownFileType = wrapper.framework; name = Bolts.framework; path = Frameworks/Bolts.framework; sourceTree = "<group>"; };
		1EC10C721A701B11008051FA /* Parse.framework */ = {isa = PBXFileReference; lastKnownFileType = wrapper.framework; name = Parse.framework; path = Frameworks/Parse.framework; sourceTree = "<group>"; };
		1EC10C731A701B11008051FA /* ParseFacebookUtils.framework */ = {isa = PBXFileReference; lastKnownFileType = wrapper.framework; name = ParseFacebookUtils.framework; path = Frameworks/ParseFacebookUtils.framework; sourceTree = "<group>"; };
		1EC10C741A701B11008051FA /* ParseUI.framework */ = {isa = PBXFileReference; lastKnownFileType = wrapper.framework; name = ParseUI.framework; path = Frameworks/ParseUI.framework; sourceTree = "<group>"; };
		1EEE884D1A6ECC14008B84FC /* HomeTableViewController.h */ = {isa = PBXFileReference; fileEncoding = 4; lastKnownFileType = sourcecode.c.h; path = HomeTableViewController.h; sourceTree = "<group>"; };
		1EEE884E1A6ECC14008B84FC /* HomeTableViewController.m */ = {isa = PBXFileReference; fileEncoding = 4; lastKnownFileType = sourcecode.c.objc; path = HomeTableViewController.m; sourceTree = "<group>"; };
		1EEE88501A6ED56E008B84FC /* EditEventosTableViewController.h */ = {isa = PBXFileReference; fileEncoding = 4; lastKnownFileType = sourcecode.c.h; path = EditEventosTableViewController.h; sourceTree = "<group>"; };
		1EEE88511A6ED56E008B84FC /* EditEventosTableViewController.m */ = {isa = PBXFileReference; fileEncoding = 4; lastKnownFileType = sourcecode.c.objc; path = EditEventosTableViewController.m; sourceTree = "<group>"; };
		1EEE88531A6F18A9008B84FC /* EventoCollectionViewController.h */ = {isa = PBXFileReference; fileEncoding = 4; lastKnownFileType = sourcecode.c.h; path = EventoCollectionViewController.h; sourceTree = "<group>"; };
		1EEE88541A6F18A9008B84FC /* EventoCollectionViewController.m */ = {isa = PBXFileReference; fileEncoding = 4; lastKnownFileType = sourcecode.c.objc; path = EventoCollectionViewController.m; sourceTree = "<group>"; };
		1EFD08A51A6F69CA002E8574 /* CameraViewController.h */ = {isa = PBXFileReference; fileEncoding = 4; lastKnownFileType = sourcecode.c.h; path = CameraViewController.h; sourceTree = "<group>"; };
		1EFD08A61A6F69CA002E8574 /* CameraViewController.m */ = {isa = PBXFileReference; fileEncoding = 4; lastKnownFileType = sourcecode.c.objc; path = CameraViewController.m; sourceTree = "<group>"; };
/* End PBXFileReference section */

/* Begin PBXFrameworksBuildPhase section */
		1E94AB921A6DF37A00898055 /* Frameworks */ = {
			isa = PBXFrameworksBuildPhase;
			buildActionMask = 2147483647;
			files = (
				1EC10C771A701B11008051FA /* ParseFacebookUtils.framework in Frameworks */,
				1E94ABD61A6DF5FA00898055 /* libsqlite3.dylib in Frameworks */,
				1E94ABD41A6DF5F000898055 /* libz.dylib in Frameworks */,
				1E94ABD21A6DF5E600898055 /* SystemConfiguration.framework in Frameworks */,
				1EC10C751A701B11008051FA /* Bolts.framework in Frameworks */,
				1E94ABD01A6DF5DC00898055 /* StoreKit.framework in Frameworks */,
				1E94ABCE1A6DF5D300898055 /* Security.framework in Frameworks */,
				1EC10C761A701B11008051FA /* Parse.framework in Frameworks */,
				1E94ABCC1A6DF5CE00898055 /* QuartzCore.framework in Frameworks */,
				1E94ABCA1A6DF5C600898055 /* MobileCoreServices.framework in Frameworks */,
				1E94ABC81A6DF5B300898055 /* CoreLocation.framework in Frameworks */,
				1E94ABC61A6DF5AD00898055 /* CoreGraphics.framework in Frameworks */,
				1EC10C781A701B11008051FA /* ParseUI.framework in Frameworks */,
				1E94ABC41A6DF59F00898055 /* CFNetwork.framework in Frameworks */,
				1E94ABC21A6DF59900898055 /* AudioToolbox.framework in Frameworks */,
			);
			runOnlyForDeploymentPostprocessing = 0;
		};
		1E94ABAE1A6DF37A00898055 /* Frameworks */ = {
			isa = PBXFrameworksBuildPhase;
			buildActionMask = 2147483647;
			files = (
			);
			runOnlyForDeploymentPostprocessing = 0;
		};
/* End PBXFrameworksBuildPhase section */

/* Begin PBXGroup section */
		1E94AB8C1A6DF37A00898055 = {
			isa = PBXGroup;
			children = (
				1E94AB971A6DF37A00898055 /* SharePic */,
				1E94ABB41A6DF37A00898055 /* SharePicTests */,
				1E94AB961A6DF37A00898055 /* Products */,
				1E94ABD71A6DF60700898055 /* Frameworks */,
			);
			sourceTree = "<group>";
		};
		1E94AB961A6DF37A00898055 /* Products */ = {
			isa = PBXGroup;
			children = (
				1E94AB951A6DF37A00898055 /* SharePic.app */,
				1E94ABB11A6DF37A00898055 /* SharePicTests.xctest */,
			);
			name = Products;
			sourceTree = "<group>";
		};
		1E94AB971A6DF37A00898055 /* SharePic */ = {
			isa = PBXGroup;
			children = (
				1E94AB9C1A6DF37A00898055 /* AppDelegate.h */,
				1E94AB9D1A6DF37A00898055 /* AppDelegate.m */,
				1E94ABA51A6DF37A00898055 /* Main.storyboard */,
				1E94ABA81A6DF37A00898055 /* Images.xcassets */,
				1E94ABAA1A6DF37A00898055 /* LaunchScreen.xib */,
				1E94AB981A6DF37A00898055 /* Supporting Files */,
				1E94ABE01A6DF83900898055 /* LoginViewController.h */,
				1E94ABE11A6DF83900898055 /* LoginViewController.m */,
				1E94ABE31A6DFB9900898055 /* SignUpViewController.h */,
				1E94ABE41A6DFB9900898055 /* SignUpViewController.m */,
				1EEE884D1A6ECC14008B84FC /* HomeTableViewController.h */,
				1EEE884E1A6ECC14008B84FC /* HomeTableViewController.m */,
				1EEE88501A6ED56E008B84FC /* EditEventosTableViewController.h */,
				1EEE88511A6ED56E008B84FC /* EditEventosTableViewController.m */,
				1EEE88531A6F18A9008B84FC /* EventoCollectionViewController.h */,
				1EEE88541A6F18A9008B84FC /* EventoCollectionViewController.m */,
				1EFD08A51A6F69CA002E8574 /* CameraViewController.h */,
				1EFD08A61A6F69CA002E8574 /* CameraViewController.m */,
			);
			path = SharePic;
			sourceTree = "<group>";
		};
		1E94AB981A6DF37A00898055 /* Supporting Files */ = {
			isa = PBXGroup;
			children = (
				1E94AB991A6DF37A00898055 /* Info.plist */,
				1E94AB9A1A6DF37A00898055 /* main.m */,
			);
			name = "Supporting Files";
			sourceTree = "<group>";
		};
		1E94ABB41A6DF37A00898055 /* SharePicTests */ = {
			isa = PBXGroup;
			children = (
				1E94ABB71A6DF37A00898055 /* SharePicTests.m */,
				1E94ABB51A6DF37A00898055 /* Supporting Files */,
			);
			path = SharePicTests;
			sourceTree = "<group>";
		};
		1E94ABB51A6DF37A00898055 /* Supporting Files */ = {
			isa = PBXGroup;
			children = (
				1E94ABB61A6DF37A00898055 /* Info.plist */,
			);
			name = "Supporting Files";
			sourceTree = "<group>";
		};
		1E94ABD71A6DF60700898055 /* Frameworks */ = {
			isa = PBXGroup;
			children = (
				1EC10C711A701B11008051FA /* Bolts.framework */,
				1EC10C721A701B11008051FA /* Parse.framework */,
				1EC10C731A701B11008051FA /* ParseFacebookUtils.framework */,
				1EC10C741A701B11008051FA /* ParseUI.framework */,
				1E94ABD51A6DF5FA00898055 /* libsqlite3.dylib */,
				1E94ABD31A6DF5F000898055 /* libz.dylib */,
				1E94ABD11A6DF5E600898055 /* SystemConfiguration.framework */,
				1E94ABCF1A6DF5DC00898055 /* StoreKit.framework */,
				1E94ABCD1A6DF5D300898055 /* Security.framework */,
				1E94ABCB1A6DF5CE00898055 /* QuartzCore.framework */,
				1E94ABC91A6DF5C600898055 /* MobileCoreServices.framework */,
				1E94ABC71A6DF5B300898055 /* CoreLocation.framework */,
				1E94ABC51A6DF5AD00898055 /* CoreGraphics.framework */,
				1E94ABC31A6DF59F00898055 /* CFNetwork.framework */,
				1E94ABC11A6DF59900898055 /* AudioToolbox.framework */,
			);
			name = Frameworks;
			sourceTree = "<group>";
		};
/* End PBXGroup section */

/* Begin PBXNativeTarget section */
		1E94AB941A6DF37A00898055 /* SharePic */ = {
			isa = PBXNativeTarget;
			buildConfigurationList = 1E94ABBB1A6DF37A00898055 /* Build configuration list for PBXNativeTarget "SharePic" */;
			buildPhases = (
				1E94AB911A6DF37A00898055 /* Sources */,
				1E94AB921A6DF37A00898055 /* Frameworks */,
				1E94AB931A6DF37A00898055 /* Resources */,
			);
			buildRules = (
			);
			dependencies = (
			);
			name = SharePic;
			productName = SharePic;
			productReference = 1E94AB951A6DF37A00898055 /* SharePic.app */;
			productType = "com.apple.product-type.application";
		};
		1E94ABB01A6DF37A00898055 /* SharePicTests */ = {
			isa = PBXNativeTarget;
			buildConfigurationList = 1E94ABBE1A6DF37A00898055 /* Build configuration list for PBXNativeTarget "SharePicTests" */;
			buildPhases = (
				1E94ABAD1A6DF37A00898055 /* Sources */,
				1E94ABAE1A6DF37A00898055 /* Frameworks */,
				1E94ABAF1A6DF37A00898055 /* Resources */,
			);
			buildRules = (
			);
			dependencies = (
				1E94ABB31A6DF37A00898055 /* PBXTargetDependency */,
			);
			name = SharePicTests;
			productName = SharePicTests;
			productReference = 1E94ABB11A6DF37A00898055 /* SharePicTests.xctest */;
			productType = "com.apple.product-type.bundle.unit-test";
		};
/* End PBXNativeTarget section */

/* Begin PBXProject section */
		1E94AB8D1A6DF37A00898055 /* Project object */ = {
			isa = PBXProject;
			attributes = {
				LastUpgradeCheck = 0610;
				ORGANIZATIONNAME = LuisMendoza;
				TargetAttributes = {
					1E94AB941A6DF37A00898055 = {
						CreatedOnToolsVersion = 6.1.1;
						DevelopmentTeam = FDHS44E7H4;
					};
					1E94ABB01A6DF37A00898055 = {
						CreatedOnToolsVersion = 6.1.1;
						TestTargetID = 1E94AB941A6DF37A00898055;
					};
				};
			};
			buildConfigurationList = 1E94AB901A6DF37A00898055 /* Build configuration list for PBXProject "SharePic" */;
			compatibilityVersion = "Xcode 3.2";
			developmentRegion = English;
			hasScannedForEncodings = 0;
			knownRegions = (
				en,
				Base,
			);
			mainGroup = 1E94AB8C1A6DF37A00898055;
			productRefGroup = 1E94AB961A6DF37A00898055 /* Products */;
			projectDirPath = "";
			projectRoot = "";
			targets = (
				1E94AB941A6DF37A00898055 /* SharePic */,
				1E94ABB01A6DF37A00898055 /* SharePicTests */,
			);
		};
/* End PBXProject section */

/* Begin PBXResourcesBuildPhase section */
		1E94AB931A6DF37A00898055 /* Resources */ = {
			isa = PBXResourcesBuildPhase;
			buildActionMask = 2147483647;
			files = (
				1E94ABA71A6DF37A00898055 /* Main.storyboard in Resources */,
				1E94ABAC1A6DF37A00898055 /* LaunchScreen.xib in Resources */,
				1E94ABA91A6DF37A00898055 /* Images.xcassets in Resources */,
			);
			runOnlyForDeploymentPostprocessing = 0;
		};
		1E94ABAF1A6DF37A00898055 /* Resources */ = {
			isa = PBXResourcesBuildPhase;
			buildActionMask = 2147483647;
			files = (
			);
			runOnlyForDeploymentPostprocessing = 0;
		};
/* End PBXResourcesBuildPhase section */

/* Begin PBXSourcesBuildPhase section */
		1E94AB911A6DF37A00898055 /* Sources */ = {
			isa = PBXSourcesBuildPhase;
			buildActionMask = 2147483647;
			files = (
				1E94AB9E1A6DF37A00898055 /* AppDelegate.m in Sources */,
				1EFD08A71A6F69CA002E8574 /* CameraViewController.m in Sources */,
				1EEE88551A6F18A9008B84FC /* EventoCollectionViewController.m in Sources */,
				1E94ABE51A6DFB9900898055 /* SignUpViewController.m in Sources */,
				1EEE88521A6ED56E008B84FC /* EditEventosTableViewController.m in Sources */,
				1E94AB9B1A6DF37A00898055 /* main.m in Sources */,
				1EEE884F1A6ECC14008B84FC /* HomeTableViewController.m in Sources */,
				1E94ABE21A6DF83900898055 /* LoginViewController.m in Sources */,
			);
			runOnlyForDeploymentPostprocessing = 0;
		};
		1E94ABAD1A6DF37A00898055 /* Sources */ = {
			isa = PBXSourcesBuildPhase;
			buildActionMask = 2147483647;
			files = (
				1E94ABB81A6DF37A00898055 /* SharePicTests.m in Sources */,
			);
			runOnlyForDeploymentPostprocessing = 0;
		};
/* End PBXSourcesBuildPhase section */

/* Begin PBXTargetDependency section */
		1E94ABB31A6DF37A00898055 /* PBXTargetDependency */ = {
			isa = PBXTargetDependency;
			target = 1E94AB941A6DF37A00898055 /* SharePic */;
			targetProxy = 1E94ABB21A6DF37A00898055 /* PBXContainerItemProxy */;
		};
/* End PBXTargetDependency section */

/* Begin PBXVariantGroup section */
		1E94ABA51A6DF37A00898055 /* Main.storyboard */ = {
			isa = PBXVariantGroup;
			children = (
				1E94ABA61A6DF37A00898055 /* Base */,
			);
			name = Main.storyboard;
			sourceTree = "<group>";
		};
		1E94ABAA1A6DF37A00898055 /* LaunchScreen.xib */ = {
			isa = PBXVariantGroup;
			children = (
				1E94ABAB1A6DF37A00898055 /* Base */,
			);
			name = LaunchScreen.xib;
			sourceTree = "<group>";
		};
/* End PBXVariantGroup section */

/* Begin XCBuildConfiguration section */
		1E94ABB91A6DF37A00898055 /* Debug */ = {
			isa = XCBuildConfiguration;
			buildSettings = {
				ALWAYS_SEARCH_USER_PATHS = NO;
				CLANG_CXX_LANGUAGE_STANDARD = "gnu++0x";
				CLANG_CXX_LIBRARY = "libc++";
				CLANG_ENABLE_MODULES = YES;
				CLANG_ENABLE_OBJC_ARC = YES;
				CLANG_WARN_BOOL_CONVERSION = YES;
				CLANG_WARN_CONSTANT_CONVERSION = YES;
				CLANG_WARN_DIRECT_OBJC_ISA_USAGE = YES_ERROR;
				CLANG_WARN_EMPTY_BODY = YES;
				CLANG_WARN_ENUM_CONVERSION = YES;
				CLANG_WARN_INT_CONVERSION = YES;
				CLANG_WARN_OBJC_ROOT_CLASS = YES_ERROR;
				CLANG_WARN_UNREACHABLE_CODE = YES;
				CLANG_WARN__DUPLICATE_METHOD_MATCH = YES;
				"CODE_SIGN_IDENTITY[sdk=iphoneos*]" = "iPhone Developer";
				COPY_PHASE_STRIP = NO;
				ENABLE_STRICT_OBJC_MSGSEND = YES;
				GCC_C_LANGUAGE_STANDARD = gnu99;
				GCC_DYNAMIC_NO_PIC = NO;
				GCC_OPTIMIZATION_LEVEL = 0;
				GCC_PREPROCESSOR_DEFINITIONS = (
					"DEBUG=1",
					"$(inherited)",
				);
				GCC_SYMBOLS_PRIVATE_EXTERN = NO;
				GCC_WARN_64_TO_32_BIT_CONVERSION = YES;
				GCC_WARN_ABOUT_RETURN_TYPE = YES_ERROR;
				GCC_WARN_UNDECLARED_SELECTOR = YES;
				GCC_WARN_UNINITIALIZED_AUTOS = YES_AGGRESSIVE;
				GCC_WARN_UNUSED_FUNCTION = YES;
				GCC_WARN_UNUSED_VARIABLE = YES;
				IPHONEOS_DEPLOYMENT_TARGET = 8.1;
				MTL_ENABLE_DEBUG_INFO = YES;
				ONLY_ACTIVE_ARCH = YES;
				SDKROOT = iphoneos;
			};
			name = Debug;
		};
		1E94ABBA1A6DF37A00898055 /* Release */ = {
			isa = XCBuildConfiguration;
			buildSettings = {
				ALWAYS_SEARCH_USER_PATHS = NO;
				CLANG_CXX_LANGUAGE_STANDARD = "gnu++0x";
				CLANG_CXX_LIBRARY = "libc++";
				CLANG_ENABLE_MODULES = YES;
				CLANG_ENABLE_OBJC_ARC = YES;
				CLANG_WARN_BOOL_CONVERSION = YES;
				CLANG_WARN_CONSTANT_CONVERSION = YES;
				CLANG_WARN_DIRECT_OBJC_ISA_USAGE = YES_ERROR;
				CLANG_WARN_EMPTY_BODY = YES;
				CLANG_WARN_ENUM_CONVERSION = YES;
				CLANG_WARN_INT_CONVERSION = YES;
				CLANG_WARN_OBJC_ROOT_CLASS = YES_ERROR;
				CLANG_WARN_UNREACHABLE_CODE = YES;
				CLANG_WARN__DUPLICATE_METHOD_MATCH = YES;
				"CODE_SIGN_IDENTITY[sdk=iphoneos*]" = "iPhone Developer";
				COPY_PHASE_STRIP = YES;
				ENABLE_NS_ASSERTIONS = NO;
				ENABLE_STRICT_OBJC_MSGSEND = YES;
				GCC_C_LANGUAGE_STANDARD = gnu99;
				GCC_WARN_64_TO_32_BIT_CONVERSION = YES;
				GCC_WARN_ABOUT_RETURN_TYPE = YES_ERROR;
				GCC_WARN_UNDECLARED_SELECTOR = YES;
				GCC_WARN_UNINITIALIZED_AUTOS = YES_AGGRESSIVE;
				GCC_WARN_UNUSED_FUNCTION = YES;
				GCC_WARN_UNUSED_VARIABLE = YES;
				IPHONEOS_DEPLOYMENT_TARGET = 8.1;
				MTL_ENABLE_DEBUG_INFO = NO;
				SDKROOT = iphoneos;
				VALIDATE_PRODUCT = YES;
			};
			name = Release;
		};
		1E94ABBC1A6DF37A00898055 /* Debug */ = {
			isa = XCBuildConfiguration;
			buildSettings = {
				ASSETCATALOG_COMPILER_APPICON_NAME = AppIcon;
				CODE_SIGN_IDENTITY = "iPhone Developer";
				FRAMEWORK_SEARCH_PATHS = (
					"$(inherited)",
					"$(PROJECT_DIR)",
					"$(PROJECT_DIR)/Frameworks",
				);
				INFOPLIST_FILE = SharePic/Info.plist;
				LD_RUNPATH_SEARCH_PATHS = "$(inherited) @executable_path/Frameworks";
				PRODUCT_NAME = "$(TARGET_NAME)";
				TARGETED_DEVICE_FAMILY = 1;
			};
			name = Debug;
		};
		1E94ABBD1A6DF37A00898055 /* Release */ = {
			isa = XCBuildConfiguration;
			buildSettings = {
				ASSETCATALOG_COMPILER_APPICON_NAME = AppIcon;
				CODE_SIGN_IDENTITY = "iPhone Developer";
				FRAMEWORK_SEARCH_PATHS = (
					"$(inherited)",
					"$(PROJECT_DIR)",
					"$(PROJECT_DIR)/Frameworks",
				);
				INFOPLIST_FILE = SharePic/Info.plist;
				LD_RUNPATH_SEARCH_PATHS = "$(inherited) @executable_path/Frameworks";
				PRODUCT_NAME = "$(TARGET_NAME)";
				TARGETED_DEVICE_FAMILY = 1;
			};
			name = Release;
		};
		1E94ABBF1A6DF37A00898055 /* Debug */ = {
			isa = XCBuildConfiguration;
			buildSettings = {
				BUNDLE_LOADER = "$(TEST_HOST)";
				FRAMEWORK_SEARCH_PATHS = (
					"$(SDKROOT)/Developer/Library/Frameworks",
					"$(inherited)",
				);
				GCC_PREPROCESSOR_DEFINITIONS = (
					"DEBUG=1",
					"$(inherited)",
				);
				INFOPLIST_FILE = SharePicTests/Info.plist;
				LD_RUNPATH_SEARCH_PATHS = "$(inherited) @executable_path/Frameworks @loader_path/Frameworks";
				PRODUCT_NAME = "$(TARGET_NAME)";
				TEST_HOST = "$(BUILT_PRODUCTS_DIR)/SharePic.app/SharePic";
			};
			name = Debug;
		};
		1E94ABC01A6DF37A00898055 /* Release */ = {
			isa = XCBuildConfiguration;
			buildSettings = {
				BUNDLE_LOADER = "$(TEST_HOST)";
				FRAMEWORK_SEARCH_PATHS = (
					"$(SDKROOT)/Developer/Library/Frameworks",
					"$(inherited)",
				);
				INFOPLIST_FILE = SharePicTests/Info.plist;
				LD_RUNPATH_SEARCH_PATHS = "$(inherited) @executable_path/Frameworks @loader_path/Frameworks";
				PRODUCT_NAME = "$(TARGET_NAME)";
				TEST_HOST = "$(BUILT_PRODUCTS_DIR)/SharePic.app/SharePic";
			};
			name = Release;
		};
/* End XCBuildConfiguration section */

/* Begin XCConfigurationList section */
		1E94AB901A6DF37A00898055 /* Build configuration list for PBXProject "SharePic" */ = {
			isa = XCConfigurationList;
			buildConfigurations = (
				1E94ABB91A6DF37A00898055 /* Debug */,
				1E94ABBA1A6DF37A00898055 /* Release */,
			);
			defaultConfigurationIsVisible = 0;
			defaultConfigurationName = Release;
		};
		1E94ABBB1A6DF37A00898055 /* Build configuration list for PBXNativeTarget "SharePic" */ = {
			isa = XCConfigurationList;
			buildConfigurations = (
				1E94ABBC1A6DF37A00898055 /* Debug */,
				1E94ABBD1A6DF37A00898055 /* Release */,
			);
			defaultConfigurationIsVisible = 0;
			defaultConfigurationName = Release;
		};
		1E94ABBE1A6DF37A00898055 /* Build configuration list for PBXNativeTarget "SharePicTests" */ = {
			isa = XCConfigurationList;
			buildConfigurations = (
				1E94ABBF1A6DF37A00898055 /* Debug */,
				1E94ABC01A6DF37A00898055 /* Release */,
			);
			defaultConfigurationIsVisible = 0;
			defaultConfigurationName = Release;
		};
/* End XCConfigurationList section */
	};
	rootObject = 1E94AB8D1A6DF37A00898055 /* Project object */;
}
